
Microsoft Visual Studio Solution File, Format Version 12.00
# Visual Studio 15
VisualStudioVersion = 15.0.28307.421
MinimumVisualStudioVersion = 10.0.40219.1
Project("{FAE04EC0-301F-11D3-BF4B-00C04F79EFBC}") = "Demo10", "Demo10\Demo10.csproj", "{73CBD85E-CF44-42D2-823F-AA4804B8BF1D}"
EndProject
Project("{FAE04EC0-301F-11D3-BF4B-00C04F79EFBC}") = "Demo10.Tests", "Demo10.Tests\Demo10.Tests.csproj", "{415A065C-C964-411F-BCDE-5150296463FB}"
EndProject
Global
	GlobalSection(SolutionConfigurationPlatforms) = preSolution
		Debug|Any CPU = Debug|Any CPU
		Release|Any CPU = Release|Any CPU
	EndGlobalSection
	GlobalSection(ProjectConfigurationPlatforms) = postSolution
		{73CBD85E-CF44-42D2-823F-AA4804B8BF1D}.Debug|Any CPU.ActiveCfg = Debug|Any CPU
		{73CBD85E-CF44-42D2-823F-AA4804B8BF1D}.Debug|Any CPU.Build.0 = Debug|Any CPU
		{73CBD85E-CF44-42D2-823F-AA4804B8BF1D}.Release|Any CPU.ActiveCfg = Release|Any CPU
		{73CBD85E-CF44-42D2-823F-AA4804B8BF1D}.Release|Any CPU.Build.0 = Release|Any CPU
		{415A065C-C964-411F-BCDE-5150296463FB}.Debug|Any CPU.ActiveCfg = Debug|Any CPU
		{415A065C-C964-411F-BCDE-5150296463FB}.Debug|Any CPU.Build.0 = Debug|Any CPU
		{415A065C-C964-411F-BCDE-5150296463FB}.Release|Any CPU.ActiveCfg = Release|Any CPU
		{415A065C-C964-411F-BCDE-5150296463FB}.Release|Any CPU.Build.0 = Release|Any CPU
	EndGlobalSection
	GlobalSection(SolutionProperties) = preSolution
		HideSolutionNode = FALSE
	EndGlobalSection
	GlobalSection(ExtensibilityGlobals) = postSolution
		SolutionGuid = {4AF36BB8-353B-41D9-ACDE-6F2EC85C2798}
	EndGlobalSection
EndGlobal
